
Microsoft Visual Studio Solution File, Format Version 12.00
# Visual Studio Version 17
VisualStudioVersion = 17.4.33205.214
MinimumVisualStudioVersion = 10.0.40219.1
Project("{9A19103F-16F7-4668-BE54-9A1E7A4F7556}") = "EcommerceABP.Domain", "src\EcommerceABP.Domain\EcommerceABP.Domain.csproj", "{554AD327-6DBA-4F8F-96F8-81CE7A0C863F}"
EndProject
Project("{9A19103F-16F7-4668-BE54-9A1E7A4F7556}") = "EcommerceABP.Application", "src\EcommerceABP.Application\EcommerceABP.Application.csproj", "{1A94A50E-06DC-43C1-80B5-B662820EC3EB}"
EndProject
Project("{9A19103F-16F7-4668-BE54-9A1E7A4F7556}") = "EcommerceABP.EntityFrameworkCore", "src\EcommerceABP.EntityFrameworkCore\EcommerceABP.EntityFrameworkCore.csproj", "{C956DD76-69C8-4A9C-83EA-D17DF83340FD}"
EndProject
Project("{2150E333-8FDC-42A3-9474-1A3956D46DE8}") = "src", "src", "{CA9AC87F-097E-4F15-8393-4BC07735A5B0}"
EndProject
Project("{2150E333-8FDC-42A3-9474-1A3956D46DE8}") = "test", "test", "{04DBDB01-70F4-4E06-B468-8F87850B22BE}"
EndProject
Project("{9A19103F-16F7-4668-BE54-9A1E7A4F7556}") = "EcommerceABP.Application.Tests", "test\EcommerceABP.Application.Tests\EcommerceABP.Application.Tests.csproj", "{50B2631D-129C-47B3-A587-029CCD6099BC}"
EndProject
Project("{9A19103F-16F7-4668-BE54-9A1E7A4F7556}") = "EcommerceABP.Domain.Shared", "src\EcommerceABP.Domain.Shared\EcommerceABP.Domain.Shared.csproj", "{42F719ED-8413-4895-B5B4-5AB56079BC66}"
EndProject
Project("{9A19103F-16F7-4668-BE54-9A1E7A4F7556}") = "EcommerceABP.Application.Contracts", "src\EcommerceABP.Application.Contracts\EcommerceABP.Application.Contracts.csproj", "{520659C8-C734-4298-A3DA-B539DB9DFC0B}"
EndProject
Project("{9A19103F-16F7-4668-BE54-9A1E7A4F7556}") = "EcommerceABP.HttpApi", "src\EcommerceABP.HttpApi\EcommerceABP.HttpApi.csproj", "{4164BDF7-F527-4E85-9CE6-E3C2D7426A27}"
EndProject
Project("{9A19103F-16F7-4668-BE54-9A1E7A4F7556}") = "EcommerceABP.HttpApi.Client", "src\EcommerceABP.HttpApi.Client\EcommerceABP.HttpApi.Client.csproj", "{3B5A0094-670D-4BB1-BFDD-61B88A8773DC}"
EndProject
Project("{9A19103F-16F7-4668-BE54-9A1E7A4F7556}") = "EcommerceABP.AuthServer", "src\EcommerceABP.AuthServer\EcommerceABP.AuthServer.csproj", "{073C361E-B8F4-49F5-93CC-72A3FF49C026}"
EndProject
Project("{9A19103F-16F7-4668-BE54-9A1E7A4F7556}") = "EcommerceABP.HttpApi.Host", "src\EcommerceABP.HttpApi.Host\EcommerceABP.HttpApi.Host.csproj", "{E6D5BF0E-DE92-4D82-A352-EF04B37CB11C}"
EndProject
Project("{9A19103F-16F7-4668-BE54-9A1E7A4F7556}") = "EcommerceABP.EntityFrameworkCore.Tests", "test\EcommerceABP.EntityFrameworkCore.Tests\EcommerceABP.EntityFrameworkCore.Tests.csproj", "{1FE30EB9-74A9-47F5-A9F6-7B1FAB672D81}"
EndProject
Project("{9A19103F-16F7-4668-BE54-9A1E7A4F7556}") = "EcommerceABP.Domain.Tests", "test\EcommerceABP.Domain.Tests\EcommerceABP.Domain.Tests.csproj", "{E512F4D9-9375-480F-A2F6-A46509F9D824}"
EndProject
Project("{9A19103F-16F7-4668-BE54-9A1E7A4F7556}") = "EcommerceABP.HttpApi.Client.ConsoleTestApp", "test\EcommerceABP.HttpApi.Client.ConsoleTestApp\EcommerceABP.HttpApi.Client.ConsoleTestApp.csproj", "{EF480016-9127-4916-8735-D2466BDBC582}"
EndProject
Project("{9A19103F-16F7-4668-BE54-9A1E7A4F7556}") = "EcommerceABP.DbMigrator", "src\EcommerceABP.DbMigrator\EcommerceABP.DbMigrator.csproj", "{AA94D832-1CCC-4715-95A9-A483F23A1A5D}"
EndProject
Project("{2150E333-8FDC-42A3-9474-1A3956D46DE8}") = "common", "common", "{C6349D0C-A558-49ED-8C35-F17488E370BF}"
EndProject
Project("{2150E333-8FDC-42A3-9474-1A3956D46DE8}") = "identity", "identity", "{FF961C00-58AA-49C0-9644-52F763AC55A1}"
EndProject
Project("{2150E333-8FDC-42A3-9474-1A3956D46DE8}") = "domain", "domain", "{EE63180A-2034-40C8-9015-42E4A14FE874}"
EndProject
Project("{2150E333-8FDC-42A3-9474-1A3956D46DE8}") = "infrastructure", "infrastructure", "{ACDE730A-E504-4555-A86D-68E9439F96D1}"
EndProject
Project("{2150E333-8FDC-42A3-9474-1A3956D46DE8}") = "public", "public", "{44872332-753F-4FC9-B8D0-9B52255D3F31}"
EndProject
Project("{2150E333-8FDC-42A3-9474-1A3956D46DE8}") = "admin", "admin", "{46E767A3-499C-40E5-AD7C-FD002016C03A}"
EndProject
Project("{9A19103F-16F7-4668-BE54-9A1E7A4F7556}") = "EcommerceABP.Admin.Application", "src\EcommerceABP.Admin.Application\EcommerceABP.Admin.Application.csproj", "{ED5CA929-71A5-4C79-890E-E780C3710D50}"
EndProject
Project("{9A19103F-16F7-4668-BE54-9A1E7A4F7556}") = "EcommerceABP.Admin.Application.Contracts", "src\EcommerceABP.Admin.Application.Contracts\EcommerceABP.Admin.Application.Contracts.csproj", "{295E1D5E-8ECA-4CCF-8FDB-959F09D606E0}"
EndProject
Project("{9A19103F-16F7-4668-BE54-9A1E7A4F7556}") = "EcommerceABP.Admin.HttpApi", "src\EcommerceABP.Admin.HttpApi\EcommerceABP.Admin.HttpApi.csproj", "{ADFC5786-CCD5-4D87-A366-CDA4408E5B82}"
EndProject
Project("{9A19103F-16F7-4668-BE54-9A1E7A4F7556}") = "EcommerceABP.Admin.HttpApi.Client", "src\EcommerceABP.Admin.HttpApi.Client\EcommerceABP.Admin.HttpApi.Client.csproj", "{7B60D7DF-5997-4CA6-898B-21BE90F44397}"
EndProject
Project("{9A19103F-16F7-4668-BE54-9A1E7A4F7556}") = "EcommerceABP.Admin.HttpApi.Host", "src\EcommerceABP.Admin.HttpApi.Host\EcommerceABP.Admin.HttpApi.Host.csproj", "{A204B0B6-F795-434B-B598-DC0BC40B7EAC}"
EndProject
Project("{2150E333-8FDC-42A3-9474-1A3956D46DE8}") = "public", "public", "{B2F94226-3E0A-47F8-A41B-D0274D420D87}"
EndProject
Project("{2150E333-8FDC-42A3-9474-1A3956D46DE8}") = "admin", "admin", "{23D83786-E35E-412E-B17F-6F1CD485D515}"
EndProject
Project("{9A19103F-16F7-4668-BE54-9A1E7A4F7556}") = "EcommerceABP.Admin.Application.Tests", "test\EcommerceABP.Admin.Application.Tests\EcommerceABP.Admin.Application.Tests.csproj", "{412EC11E-5473-4375-B5AE-A4AD9396D154}"
EndProject
Project("{9A19103F-16F7-4668-BE54-9A1E7A4F7556}") = "EcommerceABP.Admin.HttpApi.Client.ConsoleTestApp", "test\EcommerceABP.Admin.HttpApi.Client.ConsoleTestApp\EcommerceABP.Admin.HttpApi.Client.ConsoleTestApp.csproj", "{AD414E23-CEF9-430F-A3A5-B5D0F3A66D70}"
EndProject
Project("{2150E333-8FDC-42A3-9474-1A3956D46DE8}") = "shared", "shared", "{42350516-D3AB-4870-B0C7-FE1ACF9788BF}"
EndProject
Project("{9A19103F-16F7-4668-BE54-9A1E7A4F7556}") = "EcommerceABP.TestBase", "test\EcommerceABP.TestBase\EcommerceABP.TestBase.csproj", "{D0A3A143-F56F-4D86-BEC7-18C2A4488EB8}"
EndProject
Global
	GlobalSection(SolutionConfigurationPlatforms) = preSolution
		Debug|Any CPU = Debug|Any CPU
		Release|Any CPU = Release|Any CPU
	EndGlobalSection
	GlobalSection(ProjectConfigurationPlatforms) = postSolution
		{554AD327-6DBA-4F8F-96F8-81CE7A0C863F}.Debug|Any CPU.ActiveCfg = Debug|Any CPU
		{554AD327-6DBA-4F8F-96F8-81CE7A0C863F}.Debug|Any CPU.Build.0 = Debug|Any CPU
		{554AD327-6DBA-4F8F-96F8-81CE7A0C863F}.Release|Any CPU.ActiveCfg = Release|Any CPU
		{554AD327-6DBA-4F8F-96F8-81CE7A0C863F}.Release|Any CPU.Build.0 = Release|Any CPU
		{1A94A50E-06DC-43C1-80B5-B662820EC3EB}.Debug|Any CPU.ActiveCfg = Debug|Any CPU
		{1A94A50E-06DC-43C1-80B5-B662820EC3EB}.Debug|Any CPU.Build.0 = Debug|Any CPU
		{1A94A50E-06DC-43C1-80B5-B662820EC3EB}.Release|Any CPU.ActiveCfg = Release|Any CPU
		{1A94A50E-06DC-43C1-80B5-B662820EC3EB}.Release|Any CPU.Build.0 = Release|Any CPU
		{C956DD76-69C8-4A9C-83EA-D17DF83340FD}.Debug|Any CPU.ActiveCfg = Debug|Any CPU
		{C956DD76-69C8-4A9C-83EA-D17DF83340FD}.Debug|Any CPU.Build.0 = Debug|Any CPU
		{C956DD76-69C8-4A9C-83EA-D17DF83340FD}.Release|Any CPU.ActiveCfg = Release|Any CPU
		{C956DD76-69C8-4A9C-83EA-D17DF83340FD}.Release|Any CPU.Build.0 = Release|Any CPU
		{50B2631D-129C-47B3-A587-029CCD6099BC}.Debug|Any CPU.ActiveCfg = Debug|Any CPU
		{50B2631D-129C-47B3-A587-029CCD6099BC}.Debug|Any CPU.Build.0 = Debug|Any CPU
		{50B2631D-129C-47B3-A587-029CCD6099BC}.Release|Any CPU.ActiveCfg = Release|Any CPU
		{50B2631D-129C-47B3-A587-029CCD6099BC}.Release|Any CPU.Build.0 = Release|Any CPU
		{42F719ED-8413-4895-B5B4-5AB56079BC66}.Debug|Any CPU.ActiveCfg = Debug|Any CPU
		{42F719ED-8413-4895-B5B4-5AB56079BC66}.Debug|Any CPU.Build.0 = Debug|Any CPU
		{42F719ED-8413-4895-B5B4-5AB56079BC66}.Release|Any CPU.ActiveCfg = Release|Any CPU
		{42F719ED-8413-4895-B5B4-5AB56079BC66}.Release|Any CPU.Build.0 = Release|Any CPU
		{520659C8-C734-4298-A3DA-B539DB9DFC0B}.Debug|Any CPU.ActiveCfg = Debug|Any CPU
		{520659C8-C734-4298-A3DA-B539DB9DFC0B}.Debug|Any CPU.Build.0 = Debug|Any CPU
		{520659C8-C734-4298-A3DA-B539DB9DFC0B}.Release|Any CPU.ActiveCfg = Release|Any CPU
		{520659C8-C734-4298-A3DA-B539DB9DFC0B}.Release|Any CPU.Build.0 = Release|Any CPU
		{4164BDF7-F527-4E85-9CE6-E3C2D7426A27}.Debug|Any CPU.ActiveCfg = Debug|Any CPU
		{4164BDF7-F527-4E85-9CE6-E3C2D7426A27}.Debug|Any CPU.Build.0 = Debug|Any CPU
		{4164BDF7-F527-4E85-9CE6-E3C2D7426A27}.Release|Any CPU.ActiveCfg = Release|Any CPU
		{4164BDF7-F527-4E85-9CE6-E3C2D7426A27}.Release|Any CPU.Build.0 = Release|Any CPU
		{3B5A0094-670D-4BB1-BFDD-61B88A8773DC}.Debug|Any CPU.ActiveCfg = Debug|Any CPU
		{3B5A0094-670D-4BB1-BFDD-61B88A8773DC}.Debug|Any CPU.Build.0 = Debug|Any CPU
		{3B5A0094-670D-4BB1-BFDD-61B88A8773DC}.Release|Any CPU.ActiveCfg = Release|Any CPU
		{3B5A0094-670D-4BB1-BFDD-61B88A8773DC}.Release|Any CPU.Build.0 = Release|Any CPU
		{073C361E-B8F4-49F5-93CC-72A3FF49C026}.Debug|Any CPU.ActiveCfg = Debug|Any CPU
		{073C361E-B8F4-49F5-93CC-72A3FF49C026}.Debug|Any CPU.Build.0 = Debug|Any CPU
		{073C361E-B8F4-49F5-93CC-72A3FF49C026}.Release|Any CPU.ActiveCfg = Release|Any CPU
		{073C361E-B8F4-49F5-93CC-72A3FF49C026}.Release|Any CPU.Build.0 = Release|Any CPU
		{E6D5BF0E-DE92-4D82-A352-EF04B37CB11C}.Debug|Any CPU.ActiveCfg = Debug|Any CPU
		{E6D5BF0E-DE92-4D82-A352-EF04B37CB11C}.Debug|Any CPU.Build.0 = Debug|Any CPU
		{E6D5BF0E-DE92-4D82-A352-EF04B37CB11C}.Release|Any CPU.ActiveCfg = Release|Any CPU
		{E6D5BF0E-DE92-4D82-A352-EF04B37CB11C}.Release|Any CPU.Build.0 = Release|Any CPU
		{1FE30EB9-74A9-47F5-A9F6-7B1FAB672D81}.Debug|Any CPU.ActiveCfg = Debug|Any CPU
		{1FE30EB9-74A9-47F5-A9F6-7B1FAB672D81}.Debug|Any CPU.Build.0 = Debug|Any CPU
		{1FE30EB9-74A9-47F5-A9F6-7B1FAB672D81}.Release|Any CPU.ActiveCfg = Release|Any CPU
		{1FE30EB9-74A9-47F5-A9F6-7B1FAB672D81}.Release|Any CPU.Build.0 = Release|Any CPU
		{E512F4D9-9375-480F-A2F6-A46509F9D824}.Debug|Any CPU.ActiveCfg = Debug|Any CPU
		{E512F4D9-9375-480F-A2F6-A46509F9D824}.Debug|Any CPU.Build.0 = Debug|Any CPU
		{E512F4D9-9375-480F-A2F6-A46509F9D824}.Release|Any CPU.ActiveCfg = Release|Any CPU
		{E512F4D9-9375-480F-A2F6-A46509F9D824}.Release|Any CPU.Build.0 = Release|Any CPU
		{EF480016-9127-4916-8735-D2466BDBC582}.Debug|Any CPU.ActiveCfg = Debug|Any CPU
		{EF480016-9127-4916-8735-D2466BDBC582}.Debug|Any CPU.Build.0 = Debug|Any CPU
		{EF480016-9127-4916-8735-D2466BDBC582}.Release|Any CPU.ActiveCfg = Release|Any CPU
		{EF480016-9127-4916-8735-D2466BDBC582}.Release|Any CPU.Build.0 = Release|Any CPU
		{AA94D832-1CCC-4715-95A9-A483F23A1A5D}.Debug|Any CPU.ActiveCfg = Debug|Any CPU
		{AA94D832-1CCC-4715-95A9-A483F23A1A5D}.Debug|Any CPU.Build.0 = Debug|Any CPU
		{AA94D832-1CCC-4715-95A9-A483F23A1A5D}.Release|Any CPU.ActiveCfg = Release|Any CPU
		{AA94D832-1CCC-4715-95A9-A483F23A1A5D}.Release|Any CPU.Build.0 = Release|Any CPU
		{ED5CA929-71A5-4C79-890E-E780C3710D50}.Debug|Any CPU.ActiveCfg = Debug|Any CPU
		{ED5CA929-71A5-4C79-890E-E780C3710D50}.Debug|Any CPU.Build.0 = Debug|Any CPU
		{ED5CA929-71A5-4C79-890E-E780C3710D50}.Release|Any CPU.ActiveCfg = Release|Any CPU
		{ED5CA929-71A5-4C79-890E-E780C3710D50}.Release|Any CPU.Build.0 = Release|Any CPU
		{295E1D5E-8ECA-4CCF-8FDB-959F09D606E0}.Debug|Any CPU.ActiveCfg = Debug|Any CPU
		{295E1D5E-8ECA-4CCF-8FDB-959F09D606E0}.Debug|Any CPU.Build.0 = Debug|Any CPU
		{295E1D5E-8ECA-4CCF-8FDB-959F09D606E0}.Release|Any CPU.ActiveCfg = Release|Any CPU
		{295E1D5E-8ECA-4CCF-8FDB-959F09D606E0}.Release|Any CPU.Build.0 = Release|Any CPU
		{ADFC5786-CCD5-4D87-A366-CDA4408E5B82}.Debug|Any CPU.ActiveCfg = Debug|Any CPU
		{ADFC5786-CCD5-4D87-A366-CDA4408E5B82}.Debug|Any CPU.Build.0 = Debug|Any CPU
		{ADFC5786-CCD5-4D87-A366-CDA4408E5B82}.Release|Any CPU.ActiveCfg = Release|Any CPU
		{ADFC5786-CCD5-4D87-A366-CDA4408E5B82}.Release|Any CPU.Build.0 = Release|Any CPU
		{7B60D7DF-5997-4CA6-898B-21BE90F44397}.Debug|Any CPU.ActiveCfg = Debug|Any CPU
		{7B60D7DF-5997-4CA6-898B-21BE90F44397}.Debug|Any CPU.Build.0 = Debug|Any CPU
		{7B60D7DF-5997-4CA6-898B-21BE90F44397}.Release|Any CPU.ActiveCfg = Release|Any CPU
		{7B60D7DF-5997-4CA6-898B-21BE90F44397}.Release|Any CPU.Build.0 = Release|Any CPU
		{A204B0B6-F795-434B-B598-DC0BC40B7EAC}.Debug|Any CPU.ActiveCfg = Debug|Any CPU
		{A204B0B6-F795-434B-B598-DC0BC40B7EAC}.Debug|Any CPU.Build.0 = Debug|Any CPU
		{A204B0B6-F795-434B-B598-DC0BC40B7EAC}.Release|Any CPU.ActiveCfg = Release|Any CPU
		{A204B0B6-F795-434B-B598-DC0BC40B7EAC}.Release|Any CPU.Build.0 = Release|Any CPU
		{412EC11E-5473-4375-B5AE-A4AD9396D154}.Debug|Any CPU.ActiveCfg = Debug|Any CPU
		{412EC11E-5473-4375-B5AE-A4AD9396D154}.Debug|Any CPU.Build.0 = Debug|Any CPU
		{412EC11E-5473-4375-B5AE-A4AD9396D154}.Release|Any CPU.ActiveCfg = Release|Any CPU
		{412EC11E-5473-4375-B5AE-A4AD9396D154}.Release|Any CPU.Build.0 = Release|Any CPU
		{AD414E23-CEF9-430F-A3A5-B5D0F3A66D70}.Debug|Any CPU.ActiveCfg = Debug|Any CPU
		{AD414E23-CEF9-430F-A3A5-B5D0F3A66D70}.Debug|Any CPU.Build.0 = Debug|Any CPU
		{AD414E23-CEF9-430F-A3A5-B5D0F3A66D70}.Release|Any CPU.ActiveCfg = Release|Any CPU
		{AD414E23-CEF9-430F-A3A5-B5D0F3A66D70}.Release|Any CPU.Build.0 = Release|Any CPU
		{D0A3A143-F56F-4D86-BEC7-18C2A4488EB8}.Debug|Any CPU.ActiveCfg = Debug|Any CPU
		{D0A3A143-F56F-4D86-BEC7-18C2A4488EB8}.Debug|Any CPU.Build.0 = Debug|Any CPU
		{D0A3A143-F56F-4D86-BEC7-18C2A4488EB8}.Release|Any CPU.ActiveCfg = Release|Any CPU
		{D0A3A143-F56F-4D86-BEC7-18C2A4488EB8}.Release|Any CPU.Build.0 = Release|Any CPU
	EndGlobalSection
	GlobalSection(SolutionProperties) = preSolution
		HideSolutionNode = FALSE
	EndGlobalSection
	GlobalSection(NestedProjects) = preSolution
		{554AD327-6DBA-4F8F-96F8-81CE7A0C863F} = {EE63180A-2034-40C8-9015-42E4A14FE874}
		{1A94A50E-06DC-43C1-80B5-B662820EC3EB} = {44872332-753F-4FC9-B8D0-9B52255D3F31}
		{C956DD76-69C8-4A9C-83EA-D17DF83340FD} = {ACDE730A-E504-4555-A86D-68E9439F96D1}
		{50B2631D-129C-47B3-A587-029CCD6099BC} = {B2F94226-3E0A-47F8-A41B-D0274D420D87}
		{42F719ED-8413-4895-B5B4-5AB56079BC66} = {EE63180A-2034-40C8-9015-42E4A14FE874}
		{520659C8-C734-4298-A3DA-B539DB9DFC0B} = {44872332-753F-4FC9-B8D0-9B52255D3F31}
		{4164BDF7-F527-4E85-9CE6-E3C2D7426A27} = {44872332-753F-4FC9-B8D0-9B52255D3F31}
		{3B5A0094-670D-4BB1-BFDD-61B88A8773DC} = {44872332-753F-4FC9-B8D0-9B52255D3F31}
		{073C361E-B8F4-49F5-93CC-72A3FF49C026} = {FF961C00-58AA-49C0-9644-52F763AC55A1}
		{E6D5BF0E-DE92-4D82-A352-EF04B37CB11C} = {44872332-753F-4FC9-B8D0-9B52255D3F31}
		{1FE30EB9-74A9-47F5-A9F6-7B1FAB672D81} = {42350516-D3AB-4870-B0C7-FE1ACF9788BF}
		{E512F4D9-9375-480F-A2F6-A46509F9D824} = {B2F94226-3E0A-47F8-A41B-D0274D420D87}
		{EF480016-9127-4916-8735-D2466BDBC582} = {42350516-D3AB-4870-B0C7-FE1ACF9788BF}
		{AA94D832-1CCC-4715-95A9-A483F23A1A5D} = {ACDE730A-E504-4555-A86D-68E9439F96D1}
		{C6349D0C-A558-49ED-8C35-F17488E370BF} = {CA9AC87F-097E-4F15-8393-4BC07735A5B0}
		{FF961C00-58AA-49C0-9644-52F763AC55A1} = {CA9AC87F-097E-4F15-8393-4BC07735A5B0}
		{EE63180A-2034-40C8-9015-42E4A14FE874} = {C6349D0C-A558-49ED-8C35-F17488E370BF}
		{ACDE730A-E504-4555-A86D-68E9439F96D1} = {C6349D0C-A558-49ED-8C35-F17488E370BF}
		{44872332-753F-4FC9-B8D0-9B52255D3F31} = {CA9AC87F-097E-4F15-8393-4BC07735A5B0}
		{46E767A3-499C-40E5-AD7C-FD002016C03A} = {CA9AC87F-097E-4F15-8393-4BC07735A5B0}
		{ED5CA929-71A5-4C79-890E-E780C3710D50} = {46E767A3-499C-40E5-AD7C-FD002016C03A}
		{295E1D5E-8ECA-4CCF-8FDB-959F09D606E0} = {46E767A3-499C-40E5-AD7C-FD002016C03A}
		{ADFC5786-CCD5-4D87-A366-CDA4408E5B82} = {46E767A3-499C-40E5-AD7C-FD002016C03A}
		{7B60D7DF-5997-4CA6-898B-21BE90F44397} = {46E767A3-499C-40E5-AD7C-FD002016C03A}
		{A204B0B6-F795-434B-B598-DC0BC40B7EAC} = {46E767A3-499C-40E5-AD7C-FD002016C03A}
		{B2F94226-3E0A-47F8-A41B-D0274D420D87} = {04DBDB01-70F4-4E06-B468-8F87850B22BE}
		{23D83786-E35E-412E-B17F-6F1CD485D515} = {04DBDB01-70F4-4E06-B468-8F87850B22BE}
		{412EC11E-5473-4375-B5AE-A4AD9396D154} = {23D83786-E35E-412E-B17F-6F1CD485D515}
		{AD414E23-CEF9-430F-A3A5-B5D0F3A66D70} = {23D83786-E35E-412E-B17F-6F1CD485D515}
		{42350516-D3AB-4870-B0C7-FE1ACF9788BF} = {04DBDB01-70F4-4E06-B468-8F87850B22BE}
		{D0A3A143-F56F-4D86-BEC7-18C2A4488EB8} = {42350516-D3AB-4870-B0C7-FE1ACF9788BF}
	EndGlobalSection
	GlobalSection(ExtensibilityGlobals) = postSolution
		SolutionGuid = {28315BFD-90E7-4E14-A2EA-F3D23AF4126F}
	EndGlobalSection
EndGlobal
